
Microsoft Visual Studio Solution File, Format Version 12.00
# Visual Studio 15
VisualStudioVersion = 15.0.27703.2000
MinimumVisualStudioVersion = 10.0.40219.1
Project("{8BC9CEB8-8B4A-11D0-8D11-00A0C91BC942}") = "6", "sixth\sixth.vcxproj", "{78C88D67-1E26-4049-B70B-6B7361C28AF4}"
EndProject
Project("{8BC9CEB8-8B4A-11D0-8D11-00A0C91BC942}") = "2", "second\second.vcxproj", "{8B81364E-FB24-4B4F-856A-F379944377B2}"
EndProject
Project("{8BC9CEB8-8B4A-11D0-8D11-00A0C91BC942}") = "3", "third\third.vcxproj", "{16FEE20B-4B88-4E6F-8FF2-B2114A9670EC}"
EndProject
Project("{8BC9CEB8-8B4A-11D0-8D11-00A0C91BC942}") = "4", "fourth\fourth.vcxproj", "{FA8824A6-85B4-4A80-BF42-B43E04EF0AE5}"
EndProject
Project("{8BC9CEB8-8B4A-11D0-8D11-00A0C91BC942}") = "5", "fifth\fifth.vcxproj", "{BD462308-DAEA-4DF3-BFDE-95DA0F6982D1}"
EndProject
Project("{8BC9CEB8-8B4A-11D0-8D11-00A0C91BC942}") = "7", "seventh\seventh.vcxproj", "{004AC3F1-60C9-48B5-ACE5-E03BEBCA1FE8}"
EndProject
Project("{8BC9CEB8-8B4A-11D0-8D11-00A0C91BC942}") = "1", "first\first.vcxproj", "{8FDB0E56-937E-4DE6-B4A5-7CB3933AEB37}"
EndProject
Project("{8BC9CEB8-8B4A-11D0-8D11-00A0C91BC942}") = "8", "eight\eight.vcxproj", "{FDA44A76-95F4-42F3-B5EF-317200074ECE}"
EndProject
Project("{8BC9CEB8-8B4A-11D0-8D11-00A0C91BC942}") = "9", "ninth\ninth.vcxproj", "{E34424EC-451D-48C8-AA55-3C4804C6522C}"
EndProject
Project("{8BC9CEB8-8B4A-11D0-8D11-00A0C91BC942}") = "10", "tenth\tenth.vcxproj", "{5810CF70-E61C-457F-8661-353E774078CB}"
EndProject
Project("{8BC9CEB8-8B4A-11D0-8D11-00A0C91BC942}") = "11", "11\11.vcxproj", "{500747B3-14A7-4CD5-84D3-A42A14172B95}"
EndProject
Project("{8BC9CEB8-8B4A-11D0-8D11-00A0C91BC942}") = "12", "12\12.vcxproj", "{9D89573B-C41B-4A4D-A717-71C4EB2A4EAA}"
EndProject
Project("{8BC9CEB8-8B4A-11D0-8D11-00A0C91BC942}") = "13", "13\13.vcxproj", "{5A6DF0FF-9D6F-4730-BFB2-30916F038E95}"
EndProject
Project("{8BC9CEB8-8B4A-11D0-8D11-00A0C91BC942}") = "thirteen", "thirteen\thirteen.vcxproj", "{CB598759-24C3-4D98-B0FC-C9B85F9C7C15}"
EndProject
Global
	GlobalSection(SolutionConfigurationPlatforms) = preSolution
		Debug|x64 = Debug|x64
		Debug|x86 = Debug|x86
		Release|x64 = Release|x64
		Release|x86 = Release|x86
	EndGlobalSection
	GlobalSection(ProjectConfigurationPlatforms) = postSolution
		{78C88D67-1E26-4049-B70B-6B7361C28AF4}.Debug|x64.ActiveCfg = Debug|x64
		{78C88D67-1E26-4049-B70B-6B7361C28AF4}.Debug|x64.Build.0 = Debug|x64
		{78C88D67-1E26-4049-B70B-6B7361C28AF4}.Debug|x86.ActiveCfg = Debug|Win32
		{78C88D67-1E26-4049-B70B-6B7361C28AF4}.Debug|x86.Build.0 = Debug|Win32
		{78C88D67-1E26-4049-B70B-6B7361C28AF4}.Release|x64.ActiveCfg = Release|x64
		{78C88D67-1E26-4049-B70B-6B7361C28AF4}.Release|x64.Build.0 = Release|x64
		{78C88D67-1E26-4049-B70B-6B7361C28AF4}.Release|x86.ActiveCfg = Release|Win32
		{78C88D67-1E26-4049-B70B-6B7361C28AF4}.Release|x86.Build.0 = Release|Win32
		{8B81364E-FB24-4B4F-856A-F379944377B2}.Debug|x64.ActiveCfg = Debug|x64
		{8B81364E-FB24-4B4F-856A-F379944377B2}.Debug|x64.Build.0 = Debug|x64
		{8B81364E-FB24-4B4F-856A-F379944377B2}.Debug|x86.ActiveCfg = Debug|Win32
		{8B81364E-FB24-4B4F-856A-F379944377B2}.Debug|x86.Build.0 = Debug|Win32
		{8B81364E-FB24-4B4F-856A-F379944377B2}.Release|x64.ActiveCfg = Release|x64
		{8B81364E-FB24-4B4F-856A-F379944377B2}.Release|x64.Build.0 = Release|x64
		{8B81364E-FB24-4B4F-856A-F379944377B2}.Release|x86.ActiveCfg = Release|Win32
		{8B81364E-FB24-4B4F-856A-F379944377B2}.Release|x86.Build.0 = Release|Win32
		{16FEE20B-4B88-4E6F-8FF2-B2114A9670EC}.Debug|x64.ActiveCfg = Debug|x64
		{16FEE20B-4B88-4E6F-8FF2-B2114A9670EC}.Debug|x64.Build.0 = Debug|x64
		{16FEE20B-4B88-4E6F-8FF2-B2114A9670EC}.Debug|x86.ActiveCfg = Debug|Win32
		{16FEE20B-4B88-4E6F-8FF2-B2114A9670EC}.Debug|x86.Build.0 = Debug|Win32
		{16FEE20B-4B88-4E6F-8FF2-B2114A9670EC}.Release|x64.ActiveCfg = Release|x64
		{16FEE20B-4B88-4E6F-8FF2-B2114A9670EC}.Release|x64.Build.0 = Release|x64
		{16FEE20B-4B88-4E6F-8FF2-B2114A9670EC}.Release|x86.ActiveCfg = Release|Win32
		{16FEE20B-4B88-4E6F-8FF2-B2114A9670EC}.Release|x86.Build.0 = Release|Win32
		{FA8824A6-85B4-4A80-BF42-B43E04EF0AE5}.Debug|x64.ActiveCfg = Debug|x64
		{FA8824A6-85B4-4A80-BF42-B43E04EF0AE5}.Debug|x64.Build.0 = Debug|x64
		{FA8824A6-85B4-4A80-BF42-B43E04EF0AE5}.Debug|x86.ActiveCfg = Debug|Win32
		{FA8824A6-85B4-4A80-BF42-B43E04EF0AE5}.Debug|x86.Build.0 = Debug|Win32
		{FA8824A6-85B4-4A80-BF42-B43E04EF0AE5}.Release|x64.ActiveCfg = Release|x64
		{FA8824A6-85B4-4A80-BF42-B43E04EF0AE5}.Release|x64.Build.0 = Release|x64
		{FA8824A6-85B4-4A80-BF42-B43E04EF0AE5}.Release|x86.ActiveCfg = Release|Win32
		{FA8824A6-85B4-4A80-BF42-B43E04EF0AE5}.Release|x86.Build.0 = Release|Win32
		{BD462308-DAEA-4DF3-BFDE-95DA0F6982D1}.Debug|x64.ActiveCfg = Debug|x64
		{BD462308-DAEA-4DF3-BFDE-95DA0F6982D1}.Debug|x64.Build.0 = Debug|x64
		{BD462308-DAEA-4DF3-BFDE-95DA0F6982D1}.Debug|x86.ActiveCfg = Debug|Win32
		{BD462308-DAEA-4DF3-BFDE-95DA0F6982D1}.Debug|x86.Build.0 = Debug|Win32
		{BD462308-DAEA-4DF3-BFDE-95DA0F6982D1}.Release|x64.ActiveCfg = Release|x64
		{BD462308-DAEA-4DF3-BFDE-95DA0F6982D1}.Release|x64.Build.0 = Release|x64
		{BD462308-DAEA-4DF3-BFDE-95DA0F6982D1}.Release|x86.ActiveCfg = Release|Win32
		{BD462308-DAEA-4DF3-BFDE-95DA0F6982D1}.Release|x86.Build.0 = Release|Win32
		{004AC3F1-60C9-48B5-ACE5-E03BEBCA1FE8}.Debug|x64.ActiveCfg = Debug|x64
		{004AC3F1-60C9-48B5-ACE5-E03BEBCA1FE8}.Debug|x64.Build.0 = Debug|x64
		{004AC3F1-60C9-48B5-ACE5-E03BEBCA1FE8}.Debug|x86.ActiveCfg = Debug|Win32
		{004AC3F1-60C9-48B5-ACE5-E03BEBCA1FE8}.Debug|x86.Build.0 = Debug|Win32
		{004AC3F1-60C9-48B5-ACE5-E03BEBCA1FE8}.Release|x64.ActiveCfg = Release|x64
		{004AC3F1-60C9-48B5-ACE5-E03BEBCA1FE8}.Release|x64.Build.0 = Release|x64
		{004AC3F1-60C9-48B5-ACE5-E03BEBCA1FE8}.Release|x86.ActiveCfg = Release|Win32
		{004AC3F1-60C9-48B5-ACE5-E03BEBCA1FE8}.Release|x86.Build.0 = Release|Win32
		{8FDB0E56-937E-4DE6-B4A5-7CB3933AEB37}.Debug|x64.ActiveCfg = Debug|x64
		{8FDB0E56-937E-4DE6-B4A5-7CB3933AEB37}.Debug|x64.Build.0 = Debug|x64
		{8FDB0E56-937E-4DE6-B4A5-7CB3933AEB37}.Debug|x86.ActiveCfg = Debug|Win32
		{8FDB0E56-937E-4DE6-B4A5-7CB3933AEB37}.Debug|x86.Build.0 = Debug|Win32
		{8FDB0E56-937E-4DE6-B4A5-7CB3933AEB37}.Release|x64.ActiveCfg = Release|x64
		{8FDB0E56-937E-4DE6-B4A5-7CB3933AEB37}.Release|x64.Build.0 = Release|x64
		{8FDB0E56-937E-4DE6-B4A5-7CB3933AEB37}.Release|x86.ActiveCfg = Release|Win32
		{8FDB0E56-937E-4DE6-B4A5-7CB3933AEB37}.Release|x86.Build.0 = Release|Win32
		{FDA44A76-95F4-42F3-B5EF-317200074ECE}.Debug|x64.ActiveCfg = Debug|x64
		{FDA44A76-95F4-42F3-B5EF-317200074ECE}.Debug|x64.Build.0 = Debug|x64
		{FDA44A76-95F4-42F3-B5EF-317200074ECE}.Debug|x86.ActiveCfg = Debug|Win32
		{FDA44A76-95F4-42F3-B5EF-317200074ECE}.Debug|x86.Build.0 = Debug|Win32
		{FDA44A76-95F4-42F3-B5EF-317200074ECE}.Release|x64.ActiveCfg = Release|x64
		{FDA44A76-95F4-42F3-B5EF-317200074ECE}.Release|x64.Build.0 = Release|x64
		{FDA44A76-95F4-42F3-B5EF-317200074ECE}.Release|x86.ActiveCfg = Release|Win32
		{FDA44A76-95F4-42F3-B5EF-317200074ECE}.Release|x86.Build.0 = Release|Win32
		{E34424EC-451D-48C8-AA55-3C4804C6522C}.Debug|x64.ActiveCfg = Debug|x64
		{E34424EC-451D-48C8-AA55-3C4804C6522C}.Debug|x64.Build.0 = Debug|x64
		{E34424EC-451D-48C8-AA55-3C4804C6522C}.Debug|x86.ActiveCfg = Debug|Win32
		{E34424EC-451D-48C8-AA55-3C4804C6522C}.Debug|x86.Build.0 = Debug|Win32
		{E34424EC-451D-48C8-AA55-3C4804C6522C}.Release|x64.ActiveCfg = Release|x64
		{E34424EC-451D-48C8-AA55-3C4804C6522C}.Release|x64.Build.0 = Release|x64
		{E34424EC-451D-48C8-AA55-3C4804C6522C}.Release|x86.ActiveCfg = Release|Win32
		{E34424EC-451D-48C8-AA55-3C4804C6522C}.Release|x86.Build.0 = Release|Win32
		{5810CF70-E61C-457F-8661-353E774078CB}.Debug|x64.ActiveCfg = Debug|x64
		{5810CF70-E61C-457F-8661-353E774078CB}.Debug|x64.Build.0 = Debug|x64
		{5810CF70-E61C-457F-8661-353E774078CB}.Debug|x86.ActiveCfg = Debug|Win32
		{5810CF70-E61C-457F-8661-353E774078CB}.Debug|x86.Build.0 = Debug|Win32
		{5810CF70-E61C-457F-8661-353E774078CB}.Release|x64.ActiveCfg = Release|x64
		{5810CF70-E61C-457F-8661-353E774078CB}.Release|x64.Build.0 = Release|x64
		{5810CF70-E61C-457F-8661-353E774078CB}.Release|x86.ActiveCfg = Release|Win32
		{5810CF70-E61C-457F-8661-353E774078CB}.Release|x86.Build.0 = Release|Win32
		{500747B3-14A7-4CD5-84D3-A42A14172B95}.Debug|x64.ActiveCfg = Debug|x64
		{500747B3-14A7-4CD5-84D3-A42A14172B95}.Debug|x64.Build.0 = Debug|x64
		{500747B3-14A7-4CD5-84D3-A42A14172B95}.Debug|x86.ActiveCfg = Debug|Win32
		{500747B3-14A7-4CD5-84D3-A42A14172B95}.Debug|x86.Build.0 = Debug|Win32
		{500747B3-14A7-4CD5-84D3-A42A14172B95}.Release|x64.ActiveCfg = Release|x64
		{500747B3-14A7-4CD5-84D3-A42A14172B95}.Release|x64.Build.0 = Release|x64
		{500747B3-14A7-4CD5-84D3-A42A14172B95}.Release|x86.ActiveCfg = Release|Win32
		{500747B3-14A7-4CD5-84D3-A42A14172B95}.Release|x86.Build.0 = Release|Win32
		{9D89573B-C41B-4A4D-A717-71C4EB2A4EAA}.Debug|x64.ActiveCfg = Debug|x64
		{9D89573B-C41B-4A4D-A717-71C4EB2A4EAA}.Debug|x64.Build.0 = Debug|x64
		{9D89573B-C41B-4A4D-A717-71C4EB2A4EAA}.Debug|x86.ActiveCfg = Debug|Win32
		{9D89573B-C41B-4A4D-A717-71C4EB2A4EAA}.Debug|x86.Build.0 = Debug|Win32
		{9D89573B-C41B-4A4D-A717-71C4EB2A4EAA}.Release|x64.ActiveCfg = Release|x64
		{9D89573B-C41B-4A4D-A717-71C4EB2A4EAA}.Release|x64.Build.0 = Release|x64
		{9D89573B-C41B-4A4D-A717-71C4EB2A4EAA}.Release|x86.ActiveCfg = Release|Win32
		{9D89573B-C41B-4A4D-A717-71C4EB2A4EAA}.Release|x86.Build.0 = Release|Win32
		{5A6DF0FF-9D6F-4730-BFB2-30916F038E95}.Debug|x64.ActiveCfg = Debug|x64
		{5A6DF0FF-9D6F-4730-BFB2-30916F038E95}.Debug|x64.Build.0 = Debug|x64
		{5A6DF0FF-9D6F-4730-BFB2-30916F038E95}.Debug|x86.ActiveCfg = Debug|Win32
		{5A6DF0FF-9D6F-4730-BFB2-30916F038E95}.Debug|x86.Build.0 = Debug|Win32
		{5A6DF0FF-9D6F-4730-BFB2-30916F038E95}.Release|x64.ActiveCfg = Release|x64
		{5A6DF0FF-9D6F-4730-BFB2-30916F038E95}.Release|x64.Build.0 = Release|x64
		{5A6DF0FF-9D6F-4730-BFB2-30916F038E95}.Release|x86.ActiveCfg = Release|Win32
		{5A6DF0FF-9D6F-4730-BFB2-30916F038E95}.Release|x86.Build.0 = Release|Win32
		{CB598759-24C3-4D98-B0FC-C9B85F9C7C15}.Debug|x64.ActiveCfg = Debug|x64
		{CB598759-24C3-4D98-B0FC-C9B85F9C7C15}.Debug|x64.Build.0 = Debug|x64
		{CB598759-24C3-4D98-B0FC-C9B85F9C7C15}.Debug|x86.ActiveCfg = Debug|Win32
		{CB598759-24C3-4D98-B0FC-C9B85F9C7C15}.Debug|x86.Build.0 = Debug|Win32
		{CB598759-24C3-4D98-B0FC-C9B85F9C7C15}.Release|x64.ActiveCfg = Release|x64
		{CB598759-24C3-4D98-B0FC-C9B85F9C7C15}.Release|x64.Build.0 = Release|x64
		{CB598759-24C3-4D98-B0FC-C9B85F9C7C15}.Release|x86.ActiveCfg = Release|Win32
		{CB598759-24C3-4D98-B0FC-C9B85F9C7C15}.Release|x86.Build.0 = Release|Win32
	EndGlobalSection
	GlobalSection(SolutionProperties) = preSolution
		HideSolutionNode = FALSE
	EndGlobalSection
	GlobalSection(ExtensibilityGlobals) = postSolution
		SolutionGuid = {A2D8222A-6A95-4132-B2D9-33DCAA23BD63}
	EndGlobalSection
EndGlobal
