
Microsoft Visual Studio Solution File, Format Version 12.00
# Visual Studio 15
VisualStudioVersion = 15.0.27703.2000
MinimumVisualStudioVersion = 10.0.40219.1
Project("{8BC9CEB8-8B4A-11D0-8D11-00A0C91BC942}") = "1", "c++\c++.vcxproj", "{7F7AF9C3-1A1E-4F12-BD33-8AF74957AD29}"
EndProject
Project("{8BC9CEB8-8B4A-11D0-8D11-00A0C91BC942}") = "2", "2\2.vcxproj", "{E56B2FC5-A7CA-49B6-A244-0E31E2F17A16}"
EndProject
Project("{8BC9CEB8-8B4A-11D0-8D11-00A0C91BC942}") = "3", "3\3.vcxproj", "{E84530DD-AAA9-40EF-93B5-3F839E41470F}"
EndProject
Project("{8BC9CEB8-8B4A-11D0-8D11-00A0C91BC942}") = "4", "4\4.vcxproj", "{A65174A0-55DC-4B4A-AE4C-F92BD7E676BF}"
EndProject
Project("{8BC9CEB8-8B4A-11D0-8D11-00A0C91BC942}") = "5", "5\5.vcxproj", "{7BDCDEAB-5824-4445-86F3-34C6CF3490EC}"
EndProject
Project("{8BC9CEB8-8B4A-11D0-8D11-00A0C91BC942}") = "6", "6\6.vcxproj", "{8986235E-0C47-43C9-8853-1987DAF2DD84}"
EndProject
Project("{8BC9CEB8-8B4A-11D0-8D11-00A0C91BC942}") = "8", "8\8.vcxproj", "{95081C14-102E-4BB1-9B24-8EF4BBCBD985}"
EndProject
Project("{8BC9CEB8-8B4A-11D0-8D11-00A0C91BC942}") = "9", "9\9.vcxproj", "{F04D9BD8-53BD-4150-B2B0-7F43281293E2}"
EndProject
Global
	GlobalSection(SolutionConfigurationPlatforms) = preSolution
		Debug|x64 = Debug|x64
		Debug|x86 = Debug|x86
		Release|x64 = Release|x64
		Release|x86 = Release|x86
	EndGlobalSection
	GlobalSection(ProjectConfigurationPlatforms) = postSolution
		{7F7AF9C3-1A1E-4F12-BD33-8AF74957AD29}.Debug|x64.ActiveCfg = Debug|x64
		{7F7AF9C3-1A1E-4F12-BD33-8AF74957AD29}.Debug|x64.Build.0 = Debug|x64
		{7F7AF9C3-1A1E-4F12-BD33-8AF74957AD29}.Debug|x86.ActiveCfg = Debug|Win32
		{7F7AF9C3-1A1E-4F12-BD33-8AF74957AD29}.Debug|x86.Build.0 = Debug|Win32
		{7F7AF9C3-1A1E-4F12-BD33-8AF74957AD29}.Release|x64.ActiveCfg = Release|x64
		{7F7AF9C3-1A1E-4F12-BD33-8AF74957AD29}.Release|x64.Build.0 = Release|x64
		{7F7AF9C3-1A1E-4F12-BD33-8AF74957AD29}.Release|x86.ActiveCfg = Release|Win32
		{7F7AF9C3-1A1E-4F12-BD33-8AF74957AD29}.Release|x86.Build.0 = Release|Win32
		{E56B2FC5-A7CA-49B6-A244-0E31E2F17A16}.Debug|x64.ActiveCfg = Debug|x64
		{E56B2FC5-A7CA-49B6-A244-0E31E2F17A16}.Debug|x64.Build.0 = Debug|x64
		{E56B2FC5-A7CA-49B6-A244-0E31E2F17A16}.Debug|x86.ActiveCfg = Debug|Win32
		{E56B2FC5-A7CA-49B6-A244-0E31E2F17A16}.Debug|x86.Build.0 = Debug|Win32
		{E56B2FC5-A7CA-49B6-A244-0E31E2F17A16}.Release|x64.ActiveCfg = Release|x64
		{E56B2FC5-A7CA-49B6-A244-0E31E2F17A16}.Release|x64.Build.0 = Release|x64
		{E56B2FC5-A7CA-49B6-A244-0E31E2F17A16}.Release|x86.ActiveCfg = Release|Win32
		{E56B2FC5-A7CA-49B6-A244-0E31E2F17A16}.Release|x86.Build.0 = Release|Win32
		{E84530DD-AAA9-40EF-93B5-3F839E41470F}.Debug|x64.ActiveCfg = Debug|x64
		{E84530DD-AAA9-40EF-93B5-3F839E41470F}.Debug|x64.Build.0 = Debug|x64
		{E84530DD-AAA9-40EF-93B5-3F839E41470F}.Debug|x86.ActiveCfg = Debug|Win32
		{E84530DD-AAA9-40EF-93B5-3F839E41470F}.Debug|x86.Build.0 = Debug|Win32
		{E84530DD-AAA9-40EF-93B5-3F839E41470F}.Release|x64.ActiveCfg = Release|x64
		{E84530DD-AAA9-40EF-93B5-3F839E41470F}.Release|x64.Build.0 = Release|x64
		{E84530DD-AAA9-40EF-93B5-3F839E41470F}.Release|x86.ActiveCfg = Release|Win32
		{E84530DD-AAA9-40EF-93B5-3F839E41470F}.Release|x86.Build.0 = Release|Win32
		{A65174A0-55DC-4B4A-AE4C-F92BD7E676BF}.Debug|x64.ActiveCfg = Debug|x64
		{A65174A0-55DC-4B4A-AE4C-F92BD7E676BF}.Debug|x64.Build.0 = Debug|x64
		{A65174A0-55DC-4B4A-AE4C-F92BD7E676BF}.Debug|x86.ActiveCfg = Debug|Win32
		{A65174A0-55DC-4B4A-AE4C-F92BD7E676BF}.Debug|x86.Build.0 = Debug|Win32
		{A65174A0-55DC-4B4A-AE4C-F92BD7E676BF}.Release|x64.ActiveCfg = Release|x64
		{A65174A0-55DC-4B4A-AE4C-F92BD7E676BF}.Release|x64.Build.0 = Release|x64
		{A65174A0-55DC-4B4A-AE4C-F92BD7E676BF}.Release|x86.ActiveCfg = Release|Win32
		{A65174A0-55DC-4B4A-AE4C-F92BD7E676BF}.Release|x86.Build.0 = Release|Win32
		{7BDCDEAB-5824-4445-86F3-34C6CF3490EC}.Debug|x64.ActiveCfg = Debug|x64
		{7BDCDEAB-5824-4445-86F3-34C6CF3490EC}.Debug|x64.Build.0 = Debug|x64
		{7BDCDEAB-5824-4445-86F3-34C6CF3490EC}.Debug|x86.ActiveCfg = Debug|Win32
		{7BDCDEAB-5824-4445-86F3-34C6CF3490EC}.Debug|x86.Build.0 = Debug|Win32
		{7BDCDEAB-5824-4445-86F3-34C6CF3490EC}.Release|x64.ActiveCfg = Release|x64
		{7BDCDEAB-5824-4445-86F3-34C6CF3490EC}.Release|x64.Build.0 = Release|x64
		{7BDCDEAB-5824-4445-86F3-34C6CF3490EC}.Release|x86.ActiveCfg = Release|Win32
		{7BDCDEAB-5824-4445-86F3-34C6CF3490EC}.Release|x86.Build.0 = Release|Win32
		{8986235E-0C47-43C9-8853-1987DAF2DD84}.Debug|x64.ActiveCfg = Debug|x64
		{8986235E-0C47-43C9-8853-1987DAF2DD84}.Debug|x64.Build.0 = Debug|x64
		{8986235E-0C47-43C9-8853-1987DAF2DD84}.Debug|x86.ActiveCfg = Debug|Win32
		{8986235E-0C47-43C9-8853-1987DAF2DD84}.Debug|x86.Build.0 = Debug|Win32
		{8986235E-0C47-43C9-8853-1987DAF2DD84}.Release|x64.ActiveCfg = Release|x64
		{8986235E-0C47-43C9-8853-1987DAF2DD84}.Release|x64.Build.0 = Release|x64
		{8986235E-0C47-43C9-8853-1987DAF2DD84}.Release|x86.ActiveCfg = Release|Win32
		{8986235E-0C47-43C9-8853-1987DAF2DD84}.Release|x86.Build.0 = Release|Win32
		{95081C14-102E-4BB1-9B24-8EF4BBCBD985}.Debug|x64.ActiveCfg = Debug|x64
		{95081C14-102E-4BB1-9B24-8EF4BBCBD985}.Debug|x64.Build.0 = Debug|x64
		{95081C14-102E-4BB1-9B24-8EF4BBCBD985}.Debug|x86.ActiveCfg = Debug|Win32
		{95081C14-102E-4BB1-9B24-8EF4BBCBD985}.Debug|x86.Build.0 = Debug|Win32
		{95081C14-102E-4BB1-9B24-8EF4BBCBD985}.Release|x64.ActiveCfg = Release|x64
		{95081C14-102E-4BB1-9B24-8EF4BBCBD985}.Release|x64.Build.0 = Release|x64
		{95081C14-102E-4BB1-9B24-8EF4BBCBD985}.Release|x86.ActiveCfg = Release|Win32
		{95081C14-102E-4BB1-9B24-8EF4BBCBD985}.Release|x86.Build.0 = Release|Win32
		{F04D9BD8-53BD-4150-B2B0-7F43281293E2}.Debug|x64.ActiveCfg = Debug|x64
		{F04D9BD8-53BD-4150-B2B0-7F43281293E2}.Debug|x64.Build.0 = Debug|x64
		{F04D9BD8-53BD-4150-B2B0-7F43281293E2}.Debug|x86.ActiveCfg = Debug|Win32
		{F04D9BD8-53BD-4150-B2B0-7F43281293E2}.Debug|x86.Build.0 = Debug|Win32
		{F04D9BD8-53BD-4150-B2B0-7F43281293E2}.Release|x64.ActiveCfg = Release|x64
		{F04D9BD8-53BD-4150-B2B0-7F43281293E2}.Release|x64.Build.0 = Release|x64
		{F04D9BD8-53BD-4150-B2B0-7F43281293E2}.Release|x86.ActiveCfg = Release|Win32
		{F04D9BD8-53BD-4150-B2B0-7F43281293E2}.Release|x86.Build.0 = Release|Win32
	EndGlobalSection
	GlobalSection(SolutionProperties) = preSolution
		HideSolutionNode = FALSE
	EndGlobalSection
	GlobalSection(ExtensibilityGlobals) = postSolution
		SolutionGuid = {ED681E37-B8BB-45A1-819A-1089A1834D67}
	EndGlobalSection
EndGlobal
